
Microsoft Visual Studio Solution File, Format Version 12.00
# Visual Studio Version 16
VisualStudioVersion = 16.0.29613.14
MinimumVisualStudioVersion = 10.0.40219.1
Project("{FAE04EC0-301F-11D3-BF4B-00C04F79EFBC}") = "CrisisApplication", "CrisisApplication\CrisisApplication.csproj", "{E9CE9A4C-E322-4442-82A0-D6742E7CF4C0}"
EndProject
Global
	GlobalSection(SolutionConfigurationPlatforms) = preSolution
		Debug|Any CPU = Debug|Any CPU
		Release|Any CPU = Release|Any CPU
	EndGlobalSection
	GlobalSection(ProjectConfigurationPlatforms) = postSolution
		{E9CE9A4C-E322-4442-82A0-D6742E7CF4C0}.Debug|Any CPU.ActiveCfg = Debug|Any CPU
		{E9CE9A4C-E322-4442-82A0-D6742E7CF4C0}.Debug|Any CPU.Build.0 = Debug|Any CPU
		{E9CE9A4C-E322-4442-82A0-D6742E7CF4C0}.Release|Any CPU.ActiveCfg = Release|Any CPU
		{E9CE9A4C-E322-4442-82A0-D6742E7CF4C0}.Release|Any CPU.Build.0 = Release|Any CPU
	EndGlobalSection
	GlobalSection(SolutionProperties) = preSolution
		HideSolutionNode = FALSE
	EndGlobalSection
	GlobalSection(ExtensibilityGlobals) = postSolution
		SolutionGuid = {D2BCFE55-A93D-43D3-8ECB-57438A49B199}
	EndGlobalSection
EndGlobal
